{
  "version": 4,
  "terraform_version": "1.0.5",
  "serial": 41,
  "lineage": "36fc3f09-59a0-aadb-36a1-370f9e7f9272",
  "outputs": {
    "key_id": {
      "value": "a07bb283-78fb-42a0-8b1f-d2feb0bdb34d",
      "type": "string"
    }
  },
  "resources": [
    {
      "mode": "data",
      "type": "aws_caller_identity",
      "name": "current",
      "provider": "provider[\"registry.terraform.io/hashicorp/aws\"]",
      "instances": [
        {
          "schema_version": 0,
          "attributes": {
            "account_id": "851740348668",
            "arn": "arn:aws:sts::851740348668:assumed-role/EC2toEKS/aws-go-sdk-1659590997172230599",
            "id": "851740348668",
            "user_id": "AROA4MT5OKD6CTYNZJ5MC:aws-go-sdk-1659590997172230599"
          },
          "sensitive_attributes": []
        }
      ]
    },
    {
      "module": "module.aws_kms_key",
      "mode": "data",
      "type": "aws_iam_policy_document",
      "name": "key_policy",
      "provider": "provider[\"registry.terraform.io/hashicorp/aws\"]",
      "instances": [
        {
          "schema_version": 0,
          "attributes": {
            "id": "3401758178",
            "json": "{\n  \"Version\": \"2012-10-17\",\n  \"Statement\": [\n    {\n      \"Sid\": \"root user\",\n      \"Effect\": \"Allow\",\n      \"Action\": \"kms:*\",\n      \"Resource\": \"*\",\n      \"Principal\": {\n        \"AWS\": \"arn:aws:iam::851740348668:root\"\n      }\n    },\n    {\n      \"Sid\": \"AllowAccess0\",\n      \"Effect\": \"Allow\",\n      \"Action\": \"kms:*\",\n      \"Resource\": \"*\",\n      \"Principal\": {\n        \"AWS\": \"arn:aws:iam::851740348668:role/hmsstreaming_role_irobot_goldendev\"\n      }\n    },\n    {\n      \"Sid\": \"AllowAccess1\",\n      \"Effect\": \"Allow\",\n      \"Action\": \"kms:*\",\n      \"Resource\": \"*\",\n      \"Principal\": {\n        \"AWS\": \"arn:aws:iam::241639520805:role/EC2toEKS\"\n      }\n    }\n  ]\n}",
            "override_json": null,
            "override_policy_documents": null,
            "policy_id": null,
            "source_json": null,
            "source_policy_documents": null,
            "statement": [
              {
                "actions": [
                  "kms:*"
                ],
                "condition": [],
                "effect": "Allow",
                "not_actions": [],
                "not_principals": [],
                "not_resources": [],
                "principals": [
                  {
                    "identifiers": [
                      "arn:aws:iam::851740348668:root"
                    ],
                    "type": "AWS"
                  }
                ],
                "resources": [
                  "*"
                ],
                "sid": "root user"
              },
              {
                "actions": [
                  "kms:*"
                ],
                "condition": [],
                "effect": "Allow",
                "not_actions": [],
                "not_principals": [],
                "not_resources": [],
                "principals": [
                  {
                    "identifiers": [
                      "arn:aws:iam::851740348668:role/hmsstreaming_role_irobot_goldendev"
                    ],
                    "type": "AWS"
                  }
                ],
                "resources": [
                  "*"
                ],
                "sid": "AllowAccess0"
              },
              {
                "actions": [
                  "kms:*"
                ],
                "condition": [],
                "effect": "Allow",
                "not_actions": [],
                "not_principals": [],
                "not_resources": [],
                "principals": [
                  {
                    "identifiers": [
                      "arn:aws:iam::241639520805:role/EC2toEKS"
                    ],
                    "type": "AWS"
                  }
                ],
                "resources": [
                  "*"
                ],
                "sid": "AllowAccess1"
              }
            ],
            "version": "2012-10-17"
          },
          "sensitive_attributes": []
        }
      ]
    },
    {
      "module": "module.aws_kms_key",
      "mode": "managed",
      "type": "aws_kms_alias",
      "name": "aws_sm_dns_mapper_kms_key_alish",
      "provider": "provider[\"registry.terraform.io/hashicorp/aws\"]",
      "instances": [
        {
          "schema_version": 0,
          "attributes": {
            "arn": "arn:aws:kms:us-west-2:851740348668:alias/aws_sm_dns_mapper_kms_key_alishs_kms_alish_agian",
            "id": "alias/aws_sm_dns_mapper_kms_key_alishs_kms_alish_agian",
            "name": "alias/aws_sm_dns_mapper_kms_key_alishs_kms_alish_agian",
            "name_prefix": "",
            "target_key_arn": "arn:aws:kms:us-west-2:851740348668:key/a07bb283-78fb-42a0-8b1f-d2feb0bdb34d",
            "target_key_id": "a07bb283-78fb-42a0-8b1f-d2feb0bdb34d"
          },
          "sensitive_attributes": [],
          "private": "bnVsbA==",
          "dependencies": [
            "module.aws_kms_key.aws_kms_key.aws_sm_dns_mapper_kms_key1",
            "module.aws_kms_key.data.aws_iam_policy_document.key_policy"
          ]
        }
      ]
    },
    {
      "module": "module.aws_kms_key",
      "mode": "managed",
      "type": "aws_kms_key",
      "name": "aws_sm_dns_mapper_kms_key1",
      "provider": "provider[\"registry.terraform.io/hashicorp/aws\"]",
      "instances": [
        {
          "schema_version": 0,
          "attributes": {
            "arn": "arn:aws:kms:us-west-2:851740348668:key/a07bb283-78fb-42a0-8b1f-d2feb0bdb34d",
            "bypass_policy_lockout_safety_check": false,
            "customer_master_key_spec": "SYMMETRIC_DEFAULT",
            "deletion_window_in_days": null,
            "description": "My KMS Keys for Data Encryption",
            "enable_key_rotation": true,
            "id": "a07bb283-78fb-42a0-8b1f-d2feb0bdb34d",
            "is_enabled": true,
            "key_id": "a07bb283-78fb-42a0-8b1f-d2feb0bdb34d",
            "key_usage": "ENCRYPT_DECRYPT",
            "multi_region": false,
            "policy": "{\n  \"Version\": \"2012-10-17\",\n  \"Statement\": [\n    {\n      \"Sid\": \"root user\",\n      \"Effect\": \"Allow\",\n      \"Action\": \"kms:*\",\n      \"Resource\": \"*\",\n      \"Principal\": {\n        \"AWS\": \"arn:aws:iam::851740348668:root\"\n      }\n    },\n    {\n      \"Sid\": \"AllowAccess0\",\n      \"Effect\": \"Allow\",\n      \"Action\": \"kms:*\",\n      \"Resource\": \"*\",\n      \"Principal\": {\n        \"AWS\": \"arn:aws:iam::851740348668:role/hmsstreaming_role_irobot_goldendev\"\n      }\n    },\n    {\n      \"Sid\": \"AllowAccess1\",\n      \"Effect\": \"Allow\",\n      \"Action\": \"kms:*\",\n      \"Resource\": \"*\",\n      \"Principal\": {\n        \"AWS\": \"arn:aws:iam::241639520805:role/EC2toEKS\"\n      }\n    }\n  ]\n}",
            "tags": {
              "Name": "my_kms_key_14"
            },
            "tags_all": {
              "Name": "my_kms_key_14"
            }
          },
          "sensitive_attributes": [],
          "private": "bnVsbA==",
          "dependencies": [
            "module.aws_kms_key.data.aws_iam_policy_document.key_policy"
          ]
        }
      ]
    },
    {
      "module": "module.aws_sm",
      "mode": "data",
      "type": "aws_iam_policy_document",
      "name": "secretsmanager_policy",
      "provider": "provider[\"registry.terraform.io/hashicorp/aws\"]",
      "instances": [
        {
          "schema_version": 0,
          "attributes": {
            "id": "2165300638",
            "json": "{\n  \"Version\": \"2012-10-17\",\n  \"Statement\": [\n    {\n      \"Sid\": \"\",\n      \"Effect\": \"Allow\",\n      \"Action\": \"secretsmanager:GetSecretValue\",\n      \"Resource\": \"*\",\n      \"Principal\": {\n        \"AWS\": [\n          \"arn:aws:iam::851740348668:root\",\n          \"arn:aws:iam::851740348668:role/EC2toEKS\"\n        ]\n      }\n    },\n    {\n      \"Sid\": \"\",\n      \"Effect\": \"Allow\",\n      \"Action\": [\n        \"secretsmanager:UpdateSecret\",\n        \"secretsmanager:UntagResource\",\n        \"secretsmanager:TagResource\",\n        \"secretsmanager:PutSecretValue\",\n        \"secretsmanager:ListSecretVersionIds\",\n        \"secretsmanager:GetSecretValue\",\n        \"secretsmanager:GetResourcePolicy\",\n        \"secretsmanager:DescribeSecret\"\n      ],\n      \"Resource\": \"*\",\n      \"Principal\": {\n        \"AWS\": \"arn:aws:iam::851740348668:role/hmsstreaming_role_irobot_goldendev\"\n      }\n    },\n    {\n      \"Sid\": \"\",\n      \"Effect\": \"Allow\",\n      \"Action\": [\n        \"secretsmanager:UpdateSecret\",\n        \"secretsmanager:UntagResource\",\n        \"secretsmanager:TagResource\",\n        \"secretsmanager:PutSecretValue\",\n        \"secretsmanager:ListSecretVersionIds\",\n        \"secretsmanager:GetSecretValue\",\n        \"secretsmanager:GetResourcePolicy\",\n        \"secretsmanager:DescribeSecret\"\n      ],\n      \"Resource\": \"*\",\n      \"Principal\": {\n        \"AWS\": \"arn:aws:iam::851740348668:role/EC2toEKS\"\n      }\n    }\n  ]\n}",
            "override_json": null,
            "override_policy_documents": null,
            "policy_id": null,
            "source_json": null,
            "source_policy_documents": null,
            "statement": [
              {
                "actions": [
                  "secretsmanager:GetSecretValue"
                ],
                "condition": [],
                "effect": "Allow",
                "not_actions": [],
                "not_principals": [],
                "not_resources": [],
                "principals": [
                  {
                    "identifiers": [
                      "arn:aws:iam::851740348668:role/EC2toEKS",
                      "arn:aws:iam::851740348668:root"
                    ],
                    "type": "AWS"
                  }
                ],
                "resources": [
                  "*"
                ],
                "sid": ""
              },
              {
                "actions": [
                  "secretsmanager:DescribeSecret",
                  "secretsmanager:GetResourcePolicy",
                  "secretsmanager:GetSecretValue",
                  "secretsmanager:ListSecretVersionIds",
                  "secretsmanager:PutSecretValue",
                  "secretsmanager:TagResource",
                  "secretsmanager:UntagResource",
                  "secretsmanager:UpdateSecret"
                ],
                "condition": [],
                "effect": "Allow",
                "not_actions": [],
                "not_principals": [],
                "not_resources": [],
                "principals": [
                  {
                    "identifiers": [
                      "arn:aws:iam::851740348668:role/hmsstreaming_role_irobot_goldendev"
                    ],
                    "type": "AWS"
                  }
                ],
                "resources": [
                  "*"
                ],
                "sid": ""
              },
              {
                "actions": [
                  "secretsmanager:DescribeSecret",
                  "secretsmanager:GetResourcePolicy",
                  "secretsmanager:GetSecretValue",
                  "secretsmanager:ListSecretVersionIds",
                  "secretsmanager:PutSecretValue",
                  "secretsmanager:TagResource",
                  "secretsmanager:UntagResource",
                  "secretsmanager:UpdateSecret"
                ],
                "condition": [],
                "effect": "Allow",
                "not_actions": [],
                "not_principals": [],
                "not_resources": [],
                "principals": [
                  {
                    "identifiers": [
                      "arn:aws:iam::851740348668:role/EC2toEKS"
                    ],
                    "type": "AWS"
                  }
                ],
                "resources": [
                  "*"
                ],
                "sid": ""
              }
            ],
            "version": "2012-10-17"
          },
          "sensitive_attributes": []
        }
      ]
    },
    {
      "module": "module.aws_sm",
      "mode": "managed",
      "type": "aws_secretsmanager_secret_policy",
      "name": "example1",
      "provider": "provider[\"registry.terraform.io/hashicorp/aws\"]",
      "instances": []
    },
    {
      "module": "module.aws_sm",
      "mode": "managed",
      "type": "aws_secretsmanager_secret_version",
      "name": "secret1",
      "provider": "provider[\"registry.terraform.io/hashicorp/aws\"]",
      "instances": []
    }
  ]
}
